// !$*UTF8*$!
{
	archiveVersion = 1;
	classes = {
	};
	objectVersion = 77;
	objects = {

/* Begin PBXBuildFile section */
		365B89D42E1D060200C4E0D2 /* MBProgressHUD in Frameworks */ = {isa = PBXBuildFile; productRef = 365B89D32E1D060200C4E0D2 /* MBProgressHUD */; };
		365B8A342E1D189B00C4E0D2 /* RealmSwift in Frameworks */ = {isa = PBXBuildFile; productRef = 365B8A332E1D189B00C4E0D2 /* RealmSwift */; };
		36B319052E1CAD8E00B57DCE /* XLPagerTabStrip in Frameworks */ = {isa = PBXBuildFile; productRef = 36B319042E1CAD8E00B57DCE /* XLPagerTabStrip */; };
		36B319082E1CAEDF00B57DCE /* Kingfisher in Frameworks */ = {isa = PBXBuildFile; productRef = 36B319072E1CAEDF00B57DCE /* Kingfisher */; };
		36B319132E1CB0F800B57DCE /* Alamofire in Frameworks */ = {isa = PBXBuildFile; productRef = 36B319122E1CB0F800B57DCE /* Alamofire */; };
		36B319182E1CB25900B57DCE /* RxSwift in Frameworks */ = {isa = PBXBuildFile; productRef = 36B319172E1CB25900B57DCE /* RxSwift */; };
		36B3195F2E1CCA1500B57DCE /* RxCocoa in Frameworks */ = {isa = PBXBuildFile; productRef = 36B3195E2E1CCA1500B57DCE /* RxCocoa */; };
/* End PBXBuildFile section */

/* Begin PBXFileReference section */
		36B318EB2E1CA87900B57DCE /* Pokemon.app */ = {isa = PBXFileReference; explicitFileType = wrapper.application; includeInIndex = 0; path = Pokemon.app; sourceTree = BUILT_PRODUCTS_DIR; };
/* End PBXFileReference section */

/* Begin PBXFileSystemSynchronizedBuildFileExceptionSet section */
		36B318FD2E1CA87A00B57DCE /* Exceptions for "Pokemon" folder in "Pokemon" target */ = {
			isa = PBXFileSystemSynchronizedBuildFileExceptionSet;
			membershipExceptions = (
				Info.plist,
			);
			target = 36B318EA2E1CA87900B57DCE /* Pokemon */;
		};
/* End PBXFileSystemSynchronizedBuildFileExceptionSet section */

/* Begin PBXFileSystemSynchronizedRootGroup section */
		36B318ED2E1CA87900B57DCE /* Pokemon */ = {
			isa = PBXFileSystemSynchronizedRootGroup;
			exceptions = (
				36B318FD2E1CA87A00B57DCE /* Exceptions for "Pokemon" folder in "Pokemon" target */,
			);
			path = Pokemon;
			sourceTree = "<group>";
		};
/* End PBXFileSystemSynchronizedRootGroup section */

/* Begin PBXFrameworksBuildPhase section */
		36B318E82E1CA87900B57DCE /* Frameworks */ = {
			isa = PBXFrameworksBuildPhase;
			buildActionMask = 2147483647;
			files = (
				365B8A342E1D189B00C4E0D2 /* RealmSwift in Frameworks */,
				365B89D42E1D060200C4E0D2 /* MBProgressHUD in Frameworks */,
				36B319132E1CB0F800B57DCE /* Alamofire in Frameworks */,
				36B319182E1CB25900B57DCE /* RxSwift in Frameworks */,
				36B3195F2E1CCA1500B57DCE /* RxCocoa in Frameworks */,
				36B319082E1CAEDF00B57DCE /* Kingfisher in Frameworks */,
				36B319052E1CAD8E00B57DCE /* XLPagerTabStrip in Frameworks */,
			);
			runOnlyForDeploymentPostprocessing = 0;
		};
/* End PBXFrameworksBuildPhase section */

/* Begin PBXGroup section */
		36B318E22E1CA87900B57DCE = {
			isa = PBXGroup;
			children = (
				36B318ED2E1CA87900B57DCE /* Pokemon */,
				36B319162E1CB25900B57DCE /* Frameworks */,
				36B318EC2E1CA87900B57DCE /* Products */,
			);
			sourceTree = "<group>";
		};
		36B318EC2E1CA87900B57DCE /* Products */ = {
			isa = PBXGroup;
			children = (
				36B318EB2E1CA87900B57DCE /* Pokemon.app */,
			);
			name = Products;
			sourceTree = "<group>";
		};
		36B319162E1CB25900B57DCE /* Frameworks */ = {
			isa = PBXGroup;
			children = (
			);
			name = Frameworks;
			sourceTree = "<group>";
		};
/* End PBXGroup section */

/* Begin PBXNativeTarget section */
		36B318EA2E1CA87900B57DCE /* Pokemon */ = {
			isa = PBXNativeTarget;
			buildConfigurationList = 36B318FE2E1CA87A00B57DCE /* Build configuration list for PBXNativeTarget "Pokemon" */;
			buildPhases = (
				36B318E72E1CA87900B57DCE /* Sources */,
				36B318E82E1CA87900B57DCE /* Frameworks */,
				36B318E92E1CA87900B57DCE /* Resources */,
			);
			buildRules = (
			);
			dependencies = (
			);
			fileSystemSynchronizedGroups = (
				36B318ED2E1CA87900B57DCE /* Pokemon */,
			);
			name = Pokemon;
			packageProductDependencies = (
				36B319042E1CAD8E00B57DCE /* XLPagerTabStrip */,
				36B319072E1CAEDF00B57DCE /* Kingfisher */,
				36B319122E1CB0F800B57DCE /* Alamofire */,
				36B319172E1CB25900B57DCE /* RxSwift */,
				36B3195E2E1CCA1500B57DCE /* RxCocoa */,
				365B89D32E1D060200C4E0D2 /* MBProgressHUD */,
				365B8A332E1D189B00C4E0D2 /* RealmSwift */,
			);
			productName = Pokemon;
			productReference = 36B318EB2E1CA87900B57DCE /* Pokemon.app */;
			productType = "com.apple.product-type.application";
		};
/* End PBXNativeTarget section */

/* Begin PBXProject section */
		36B318E32E1CA87900B57DCE /* Project object */ = {
			isa = PBXProject;
			attributes = {
				BuildIndependentTargetsInParallel = 1;
				LastSwiftUpdateCheck = 1640;
				LastUpgradeCheck = 1640;
				TargetAttributes = {
					36B318EA2E1CA87900B57DCE = {
						CreatedOnToolsVersion = 16.4;
					};
				};
			};
			buildConfigurationList = 36B318E62E1CA87900B57DCE /* Build configuration list for PBXProject "Pokemon" */;
			developmentRegion = en;
			hasScannedForEncodings = 0;
			knownRegions = (
				en,
				Base,
			);
			mainGroup = 36B318E22E1CA87900B57DCE;
			minimizedProjectReferenceProxies = 1;
			packageReferences = (
				36B319032E1CAD8E00B57DCE /* XCRemoteSwiftPackageReference "XLPagerTabStrip" */,
				36B319062E1CAEDF00B57DCE /* XCRemoteSwiftPackageReference "Kingfisher" */,
				36B319102E1CB0E900B57DCE /* XCRemoteSwiftPackageReference "RxSwift" */,
				36B319112E1CB0F800B57DCE /* XCRemoteSwiftPackageReference "Alamofire" */,
				365B89D22E1D060200C4E0D2 /* XCRemoteSwiftPackageReference "MBProgressHUD" */,
				365B8A302E1D189B00C4E0D2 /* XCRemoteSwiftPackageReference "realm-swift" */,
			);
			preferredProjectObjectVersion = 77;
			productRefGroup = 36B318EC2E1CA87900B57DCE /* Products */;
			projectDirPath = "";
			projectRoot = "";
			targets = (
				36B318EA2E1CA87900B57DCE /* Pokemon */,
			);
		};
/* End PBXProject section */

/* Begin PBXResourcesBuildPhase section */
		36B318E92E1CA87900B57DCE /* Resources */ = {
			isa = PBXResourcesBuildPhase;
			buildActionMask = 2147483647;
			files = (
			);
			runOnlyForDeploymentPostprocessing = 0;
		};
/* End PBXResourcesBuildPhase section */

/* Begin PBXSourcesBuildPhase section */
		36B318E72E1CA87900B57DCE /* Sources */ = {
			isa = PBXSourcesBuildPhase;
			buildActionMask = 2147483647;
			files = (
			);
			runOnlyForDeploymentPostprocessing = 0;
		};
/* End PBXSourcesBuildPhase section */

/* Begin XCBuildConfiguration section */
		36B318FF2E1CA87A00B57DCE /* Debug */ = {
			isa = XCBuildConfiguration;
			buildSettings = {
				ASSETCATALOG_COMPILER_APPICON_NAME = AppIcon;
				ASSETCATALOG_COMPILER_GLOBAL_ACCENT_COLOR_NAME = AccentColor;
				CODE_SIGN_STYLE = Automatic;
				CURRENT_PROJECT_VERSION = 1;
				GENERATE_INFOPLIST_FILE = YES;
				INFOPLIST_FILE = Pokemon/Info.plist;
				INFOPLIST_KEY_UIApplicationSupportsIndirectInputEvents = YES;
				INFOPLIST_KEY_UILaunchStoryboardName = LaunchScreen;
				INFOPLIST_KEY_UIMainStoryboardFile = LaunchScreen;
				INFOPLIST_KEY_UISupportedInterfaceOrientations_iPad = "UIInterfaceOrientationPortrait UIInterfaceOrientationPortraitUpsideDown UIInterfaceOrientationLandscapeLeft UIInterfaceOrientationLandscapeRight";
				INFOPLIST_KEY_UISupportedInterfaceOrientations_iPhone = "UIInterfaceOrientationPortrait UIInterfaceOrientationLandscapeLeft UIInterfaceOrientationLandscapeRight";
				LD_RUNPATH_SEARCH_PATHS = (
					"$(inherited)",
					"@executable_path/Frameworks",
				);
				MARKETING_VERSION = 1.0;
				PRODUCT_BUNDLE_IDENTIFIER = com.stevenlee.Pokemon;
				PRODUCT_NAME = "$(TARGET_NAME)";
				SWIFT_EMIT_LOC_STRINGS = YES;
				SWIFT_VERSION = 5.0;
				TARGETED_DEVICE_FAMILY = "1,2";
			};
			name = Debug;
		};
		36B319002E1CA87A00B57DCE /* Release */ = {
			isa = XCBuildConfiguration;
			buildSettings = {
				ASSETCATALOG_COMPILER_APPICON_NAME = AppIcon;
				ASSETCATALOG_COMPILER_GLOBAL_ACCENT_COLOR_NAME = AccentColor;
				CODE_SIGN_STYLE = Automatic;
				CURRENT_PROJECT_VERSION = 1;
				GENERATE_INFOPLIST_FILE = YES;
				INFOPLIST_FILE = Pokemon/Info.plist;
				INFOPLIST_KEY_UIApplicationSupportsIndirectInputEvents = YES;
				INFOPLIST_KEY_UILaunchStoryboardName = LaunchScreen;
				INFOPLIST_KEY_UIMainStoryboardFile = LaunchScreen;
				INFOPLIST_KEY_UISupportedInterfaceOrientations_iPad = "UIInterfaceOrientationPortrait UIInterfaceOrientationPortraitUpsideDown UIInterfaceOrientationLandscapeLeft UIInterfaceOrientationLandscapeRight";
				INFOPLIST_KEY_UISupportedInterfaceOrientations_iPhone = "UIInterfaceOrientationPortrait UIInterfaceOrientationLandscapeLeft UIInterfaceOrientationLandscapeRight";
				LD_RUNPATH_SEARCH_PATHS = (
					"$(inherited)",
					"@executable_path/Frameworks",
				);
				MARKETING_VERSION = 1.0;
				PRODUCT_BUNDLE_IDENTIFIER = com.stevenlee.Pokemon;
				PRODUCT_NAME = "$(TARGET_NAME)";
				SWIFT_EMIT_LOC_STRINGS = YES;
				SWIFT_VERSION = 5.0;
				TARGETED_DEVICE_FAMILY = "1,2";
			};
			name = Release;
		};
		36B319012E1CA87A00B57DCE /* Debug */ = {
			isa = XCBuildConfiguration;
			buildSettings = {
				ALWAYS_SEARCH_USER_PATHS = NO;
				ASSETCATALOG_COMPILER_GENERATE_SWIFT_ASSET_SYMBOL_EXTENSIONS = YES;
				CLANG_ANALYZER_NONNULL = YES;
				CLANG_ANALYZER_NUMBER_OBJECT_CONVERSION = YES_AGGRESSIVE;
				CLANG_CXX_LANGUAGE_STANDARD = "gnu++20";
				CLANG_ENABLE_MODULES = YES;
				CLANG_ENABLE_OBJC_ARC = YES;
				CLANG_ENABLE_OBJC_WEAK = YES;
				CLANG_WARN_BLOCK_CAPTURE_AUTORELEASING = YES;
				CLANG_WARN_BOOL_CONVERSION = YES;
				CLANG_WARN_COMMA = YES;
				CLANG_WARN_CONSTANT_CONVERSION = YES;
				CLANG_WARN_DEPRECATED_OBJC_IMPLEMENTATIONS = YES;
				CLANG_WARN_DIRECT_OBJC_ISA_USAGE = YES_ERROR;
				CLANG_WARN_DOCUMENTATION_COMMENTS = YES;
				CLANG_WARN_EMPTY_BODY = YES;
				CLANG_WARN_ENUM_CONVERSION = YES;
				CLANG_WARN_INFINITE_RECURSION = YES;
				CLANG_WARN_INT_CONVERSION = YES;
				CLANG_WARN_NON_LITERAL_NULL_CONVERSION = YES;
				CLANG_WARN_OBJC_IMPLICIT_RETAIN_SELF = YES;
				CLANG_WARN_OBJC_LITERAL_CONVERSION = YES;
				CLANG_WARN_OBJC_ROOT_CLASS = YES_ERROR;
				CLANG_WARN_QUOTED_INCLUDE_IN_FRAMEWORK_HEADER = YES;
				CLANG_WARN_RANGE_LOOP_ANALYSIS = YES;
				CLANG_WARN_STRICT_PROTOTYPES = YES;
				CLANG_WARN_SUSPICIOUS_MOVE = YES;
				CLANG_WARN_UNGUARDED_AVAILABILITY = YES_AGGRESSIVE;
				CLANG_WARN_UNREACHABLE_CODE = YES;
				CLANG_WARN__DUPLICATE_METHOD_MATCH = YES;
				COPY_PHASE_STRIP = NO;
				DEBUG_INFORMATION_FORMAT = dwarf;
				ENABLE_STRICT_OBJC_MSGSEND = YES;
				ENABLE_TESTABILITY = YES;
				ENABLE_USER_SCRIPT_SANDBOXING = YES;
				GCC_C_LANGUAGE_STANDARD = gnu17;
				GCC_DYNAMIC_NO_PIC = NO;
				GCC_NO_COMMON_BLOCKS = YES;
				GCC_OPTIMIZATION_LEVEL = 0;
				GCC_PREPROCESSOR_DEFINITIONS = (
					"DEBUG=1",
					"$(inherited)",
				);
				GCC_WARN_64_TO_32_BIT_CONVERSION = YES;
				GCC_WARN_ABOUT_RETURN_TYPE = YES_ERROR;
				GCC_WARN_UNDECLARED_SELECTOR = YES;
				GCC_WARN_UNINITIALIZED_AUTOS = YES_AGGRESSIVE;
				GCC_WARN_UNUSED_FUNCTION = YES;
				GCC_WARN_UNUSED_VARIABLE = YES;
				IPHONEOS_DEPLOYMENT_TARGET = 18.5;
				LOCALIZATION_PREFERS_STRING_CATALOGS = YES;
				MTL_ENABLE_DEBUG_INFO = INCLUDE_SOURCE;
				MTL_FAST_MATH = YES;
				ONLY_ACTIVE_ARCH = YES;
				SDKROOT = iphoneos;
				SWIFT_ACTIVE_COMPILATION_CONDITIONS = "DEBUG $(inherited)";
				SWIFT_OPTIMIZATION_LEVEL = "-Onone";
			};
			name = Debug;
		};
		36B319022E1CA87A00B57DCE /* Release */ = {
			isa = XCBuildConfiguration;
			buildSettings = {
				ALWAYS_SEARCH_USER_PATHS = NO;
				ASSETCATALOG_COMPILER_GENERATE_SWIFT_ASSET_SYMBOL_EXTENSIONS = YES;
				CLANG_ANALYZER_NONNULL = YES;
				CLANG_ANALYZER_NUMBER_OBJECT_CONVERSION = YES_AGGRESSIVE;
				CLANG_CXX_LANGUAGE_STANDARD = "gnu++20";
				CLANG_ENABLE_MODULES = YES;
				CLANG_ENABLE_OBJC_ARC = YES;
				CLANG_ENABLE_OBJC_WEAK = YES;
				CLANG_WARN_BLOCK_CAPTURE_AUTORELEASING = YES;
				CLANG_WARN_BOOL_CONVERSION = YES;
				CLANG_WARN_COMMA = YES;
				CLANG_WARN_CONSTANT_CONVERSION = YES;
				CLANG_WARN_DEPRECATED_OBJC_IMPLEMENTATIONS = YES;
				CLANG_WARN_DIRECT_OBJC_ISA_USAGE = YES_ERROR;
				CLANG_WARN_DOCUMENTATION_COMMENTS = YES;
				CLANG_WARN_EMPTY_BODY = YES;
				CLANG_WARN_ENUM_CONVERSION = YES;
				CLANG_WARN_INFINITE_RECURSION = YES;
				CLANG_WARN_INT_CONVERSION = YES;
				CLANG_WARN_NON_LITERAL_NULL_CONVERSION = YES;
				CLANG_WARN_OBJC_IMPLICIT_RETAIN_SELF = YES;
				CLANG_WARN_OBJC_LITERAL_CONVERSION = YES;
				CLANG_WARN_OBJC_ROOT_CLASS = YES_ERROR;
				CLANG_WARN_QUOTED_INCLUDE_IN_FRAMEWORK_HEADER = YES;
				CLANG_WARN_RANGE_LOOP_ANALYSIS = YES;
				CLANG_WARN_STRICT_PROTOTYPES = YES;
				CLANG_WARN_SUSPICIOUS_MOVE = YES;
				CLANG_WARN_UNGUARDED_AVAILABILITY = YES_AGGRESSIVE;
				CLANG_WARN_UNREACHABLE_CODE = YES;
				CLANG_WARN__DUPLICATE_METHOD_MATCH = YES;
				COPY_PHASE_STRIP = NO;
				DEBUG_INFORMATION_FORMAT = "dwarf-with-dsym";
				ENABLE_NS_ASSERTIONS = NO;
				ENABLE_STRICT_OBJC_MSGSEND = YES;
				ENABLE_USER_SCRIPT_SANDBOXING = YES;
				GCC_C_LANGUAGE_STANDARD = gnu17;
				GCC_NO_COMMON_BLOCKS = YES;
				GCC_WARN_64_TO_32_BIT_CONVERSION = YES;
				GCC_WARN_ABOUT_RETURN_TYPE = YES_ERROR;
				GCC_WARN_UNDECLARED_SELECTOR = YES;
				GCC_WARN_UNINITIALIZED_AUTOS = YES_AGGRESSIVE;
				GCC_WARN_UNUSED_FUNCTION = YES;
				GCC_WARN_UNUSED_VARIABLE = YES;
				IPHONEOS_DEPLOYMENT_TARGET = 18.5;
				LOCALIZATION_PREFERS_STRING_CATALOGS = YES;
				MTL_ENABLE_DEBUG_INFO = NO;
				MTL_FAST_MATH = YES;
				SDKROOT = iphoneos;
				SWIFT_COMPILATION_MODE = wholemodule;
				VALIDATE_PRODUCT = YES;
			};
			name = Release;
		};
/* End XCBuildConfiguration section */

/* Begin XCConfigurationList section */
		36B318E62E1CA87900B57DCE /* Build configuration list for PBXProject "Pokemon" */ = {
			isa = XCConfigurationList;
			buildConfigurations = (
				36B319012E1CA87A00B57DCE /* Debug */,
				36B319022E1CA87A00B57DCE /* Release */,
			);
			defaultConfigurationIsVisible = 0;
			defaultConfigurationName = Release;
		};
		36B318FE2E1CA87A00B57DCE /* Build configuration list for PBXNativeTarget "Pokemon" */ = {
			isa = XCConfigurationList;
			buildConfigurations = (
				36B318FF2E1CA87A00B57DCE /* Debug */,
				36B319002E1CA87A00B57DCE /* Release */,
			);
			defaultConfigurationIsVisible = 0;
			defaultConfigurationName = Release;
		};
/* End XCConfigurationList section */

/* Begin XCRemoteSwiftPackageReference section */
		365B89D22E1D060200C4E0D2 /* XCRemoteSwiftPackageReference "MBProgressHUD" */ = {
			isa = XCRemoteSwiftPackageReference;
			repositoryURL = "https://github.com/jdg/MBProgressHUD.git";
			requirement = {
				kind = upToNextMajorVersion;
				minimumVersion = 1.2.0;
			};
		};
		365B8A302E1D189B00C4E0D2 /* XCRemoteSwiftPackageReference "realm-swift" */ = {
			isa = XCRemoteSwiftPackageReference;
			repositoryURL = "https://github.com/realm/realm-swift.git";
			requirement = {
				branch = master;
				kind = branch;
			};
		};
		36B319032E1CAD8E00B57DCE /* XCRemoteSwiftPackageReference "XLPagerTabStrip" */ = {
			isa = XCRemoteSwiftPackageReference;
			repositoryURL = "https://github.com/xmartlabs/XLPagerTabStrip.git";
			requirement = {
				kind = upToNextMajorVersion;
				minimumVersion = 9.1.0;
			};
		};
		36B319062E1CAEDF00B57DCE /* XCRemoteSwiftPackageReference "Kingfisher" */ = {
			isa = XCRemoteSwiftPackageReference;
			repositoryURL = "https://github.com/onevcat/Kingfisher.git";
			requirement = {
				kind = upToNextMajorVersion;
				minimumVersion = 8.4.0;
			};
		};
		36B319102E1CB0E900B57DCE /* XCRemoteSwiftPackageReference "RxSwift" */ = {
			isa = XCRemoteSwiftPackageReference;
			repositoryURL = "https://github.com/ReactiveX/RxSwift.git";
			requirement = {
				kind = upToNextMajorVersion;
				minimumVersion = 6.9.0;
			};
		};
		36B319112E1CB0F800B57DCE /* XCRemoteSwiftPackageReference "Alamofire" */ = {
			isa = XCRemoteSwiftPackageReference;
			repositoryURL = "https://github.com/Alamofire/Alamofire.git";
			requirement = {
				kind = upToNextMajorVersion;
				minimumVersion = 5.10.2;
			};
		};
/* End XCRemoteSwiftPackageReference section */

/* Begin XCSwiftPackageProductDependency section */
		365B89D32E1D060200C4E0D2 /* MBProgressHUD */ = {
			isa = XCSwiftPackageProductDependency;
			package = 365B89D22E1D060200C4E0D2 /* XCRemoteSwiftPackageReference "MBProgressHUD" */;
			productName = MBProgressHUD;
		};
		365B8A332E1D189B00C4E0D2 /* RealmSwift */ = {
			isa = XCSwiftPackageProductDependency;
			package = 365B8A302E1D189B00C4E0D2 /* XCRemoteSwiftPackageReference "realm-swift" */;
			productName = RealmSwift;
		};
		36B319042E1CAD8E00B57DCE /* XLPagerTabStrip */ = {
			isa = XCSwiftPackageProductDependency;
			package = 36B319032E1CAD8E00B57DCE /* XCRemoteSwiftPackageReference "XLPagerTabStrip" */;
			productName = XLPagerTabStrip;
		};
		36B319072E1CAEDF00B57DCE /* Kingfisher */ = {
			isa = XCSwiftPackageProductDependency;
			package = 36B319062E1CAEDF00B57DCE /* XCRemoteSwiftPackageReference "Kingfisher" */;
			productName = Kingfisher;
		};
		36B319122E1CB0F800B57DCE /* Alamofire */ = {
			isa = XCSwiftPackageProductDependency;
			package = 36B319112E1CB0F800B57DCE /* XCRemoteSwiftPackageReference "Alamofire" */;
			productName = Alamofire;
		};
		36B319172E1CB25900B57DCE /* RxSwift */ = {
			isa = XCSwiftPackageProductDependency;
			package = 36B319102E1CB0E900B57DCE /* XCRemoteSwiftPackageReference "RxSwift" */;
			productName = RxSwift;
		};
		36B3195E2E1CCA1500B57DCE /* RxCocoa */ = {
			isa = XCSwiftPackageProductDependency;
			package = 36B319102E1CB0E900B57DCE /* XCRemoteSwiftPackageReference "RxSwift" */;
			productName = RxCocoa;
		};
/* End XCSwiftPackageProductDependency section */
	};
	rootObject = 36B318E32E1CA87900B57DCE /* Project object */;
}
